Microsoft Visual Studio Solution File, Format Version 9.00
# Visual Studio 2005
Project("{8BC9CEB8-8B4A-11D0-8D11-00A0C91BC942}") = "VFCAddinNET", "VFCAddinNET\VFCAddin2005.vcproj", "{437CDFFB-1647-45D9-97E9-E4947EFB6C0C}"
EndProject
Project("{54435603-DBB4-11D2-8724-00A0C9A8B90C}") = "VFCAddinNETSetup", "VFCAddinNETSetup\VFCAddin2005Setup.vdproj", "{868E5531-6559-4E52-8217-5A1239C10079}"
EndProject
Project("{8BC9CEB8-8B4A-11D0-8D11-00A0C91BC942}") = "VFCAddinNETRes", "VFCAddinNETRes\VFCAddin2005Res.vcproj", "{20B57356-2846-4F2A-A9B7-99AF029B04A4}"
EndProject
Global
	GlobalSection(SolutionConfigurationPlatforms) = preSolution
		Debug|Win32 = Debug|Win32
		Release|Win32 = Release|Win32
	EndGlobalSection
	GlobalSection(ProjectConfigurationPlatforms) = postSolution
		{437CDFFB-1647-45D9-97E9-E4947EFB6C0C}.Debug|Win32.ActiveCfg = Debug|Win32
		{437CDFFB-1647-45D9-97E9-E4947EFB6C0C}.Debug|Win32.Build.0 = Debug|Win32
		{437CDFFB-1647-45D9-97E9-E4947EFB6C0C}.Release|Win32.ActiveCfg = Release|Win32
		{437CDFFB-1647-45D9-97E9-E4947EFB6C0C}.Release|Win32.Build.0 = Release|Win32
		{868E5531-6559-4E52-8217-5A1239C10079}.Debug|Win32.ActiveCfg = Debug
		{868E5531-6559-4E52-8217-5A1239C10079}.Release|Win32.ActiveCfg = Release
		{20B57356-2846-4F2A-A9B7-99AF029B04A4}.Debug|Win32.ActiveCfg = Debug|Win32
		{20B57356-2846-4F2A-A9B7-99AF029B04A4}.Debug|Win32.Build.0 = Debug|Win32
		{20B57356-2846-4F2A-A9B7-99AF029B04A4}.Release|Win32.ActiveCfg = Release|Win32
		{20B57356-2846-4F2A-A9B7-99AF029B04A4}.Release|Win32.Build.0 = Release|Win32
	EndGlobalSection
	GlobalSection(SolutionProperties) = preSolution
		HideSolutionNode = FALSE
	EndGlobalSection
EndGlobal
